<?xml version="1.0" encoding="utf-8"?>
<Project ToolsVersion="4.0" xmlns="http://schemas.microsoft.com/developer/msbuild/2003">
  <ItemGroup>
    <ClCompile Include="APU.cpp">
      <Filter>Source Files</Filter>
    </ClCompile>
    <ClCompile Include="CPU.cpp">
      <Filter>Source Files</Filter>
    </ClCompile>
    <ClCompile Include="IO.cpp">
      <Filter>Source Files</Filter>
    </ClCompile>
    <ClCompile Include="Main.cpp">
      <Filter>Source Files</Filter>
    </ClCompile>
    <ClCompile Include="NESGame.cpp">
      <Filter>Source Files</Filter>
    </ClCompile>
    <ClCompile Include="PPU.cpp">
      <Filter>Source Files</Filter>
    </ClCompile>
  </ItemGroup>
  <ItemGroup>
    <ClInclude Include="APU.h">
      <Filter>Header Files</Filter>
    </ClInclude>
    <ClInclude Include="CPU.h">
      <Filter>Header Files</Filter>
    </ClInclude>
    <ClInclude Include="Global.h">
      <Filter>Header Files</Filter>
    </ClInclude>
    <ClInclude Include="IO.h">
      <Filter>Header Files</Filter>
    </ClInclude>
    <ClInclude Include="NESGame.h">
      <Filter>Header Files</Filter>
    </ClInclude>
    <ClInclude Include="Palette.h">
      <Filter>Header Files</Filter>
    </ClInclude>
    <ClInclude Include="PPU.h">
      <Filter>Header Files</Filter>
    </ClInclude>
    <ClInclude Include="Xbox360Controller.h">
      <Filter>Header Files</Filter>
    </ClInclude>
  </ItemGroup>
  <ItemGroup>
    <Filter Include="Header Files">
      <UniqueIdentifier>{21c9990b-0266-4cdc-890a-2ac773086c28}</UniqueIdentifier>
    </Filter>
    <Filter Include="Source Files">
      <UniqueIdentifier>{84e834ed-52b7-48d5-a58f-d2f1e4310879}</UniqueIdentifier>
    </Filter>
  </ItemGroup>
</Project>